
Microsoft Visual Studio Solution File, Format Version 12.00
Project("{FAE04EC0-301F-11D3-BF4B-00C04F79EFBC}") = "NexusLoader", "NexusLoader\NexusLoader.csproj", "{DFB5D5B8-51CE-4170-96D7-EEC1FA99ADBE}"
EndProject
Project("{FAE04EC0-301F-11D3-BF4B-00C04F79EFBC}") = "NexusLoader.ModPacker", "NexusLoader.ModPacker\NexusLoader.ModPacker.csproj", "{56BDE768-092F-4257-A1E2-6C12FA2B388D}"
EndProject
Project("{FAE04EC0-301F-11D3-BF4B-00C04F79EFBC}") = "NexusLoader.Updater", "NexusLoader.Updater\NexusLoader.Updater.csproj", "{B24A785A-755A-44E3-972B-D81861870304}"
EndProject
Global
	GlobalSection(SolutionConfigurationPlatforms) = preSolution
		Debug|Any CPU = Debug|Any CPU
		Release|Any CPU = Release|Any CPU
	EndGlobalSection
	GlobalSection(ProjectConfigurationPlatforms) = postSolution
		{DFB5D5B8-51CE-4170-96D7-EEC1FA99ADBE}.Debug|Any CPU.ActiveCfg = Debug|Any CPU
		{DFB5D5B8-51CE-4170-96D7-EEC1FA99ADBE}.Debug|Any CPU.Build.0 = Debug|Any CPU
		{DFB5D5B8-51CE-4170-96D7-EEC1FA99ADBE}.Release|Any CPU.ActiveCfg = Release|Any CPU
		{DFB5D5B8-51CE-4170-96D7-EEC1FA99ADBE}.Release|Any CPU.Build.0 = Release|Any CPU
		{56BDE768-092F-4257-A1E2-6C12FA2B388D}.Debug|Any CPU.ActiveCfg = Debug|Any CPU
		{56BDE768-092F-4257-A1E2-6C12FA2B388D}.Debug|Any CPU.Build.0 = Debug|Any CPU
		{56BDE768-092F-4257-A1E2-6C12FA2B388D}.Release|Any CPU.ActiveCfg = Release|Any CPU
		{56BDE768-092F-4257-A1E2-6C12FA2B388D}.Release|Any CPU.Build.0 = Release|Any CPU
		{B24A785A-755A-44E3-972B-D81861870304}.Debug|Any CPU.ActiveCfg = Debug|Any CPU
		{B24A785A-755A-44E3-972B-D81861870304}.Debug|Any CPU.Build.0 = Debug|Any CPU
		{B24A785A-755A-44E3-972B-D81861870304}.Release|Any CPU.ActiveCfg = Release|Any CPU
		{B24A785A-755A-44E3-972B-D81861870304}.Release|Any CPU.Build.0 = Release|Any CPU
	EndGlobalSection
EndGlobal
